
Microsoft Visual Studio Solution File, Format Version 12.00
# Visual Studio 15
VisualStudioVersion = 15.0.27703.2042
MinimumVisualStudioVersion = 10.0.40219.1
Project("{9A19103F-16F7-4668-BE54-9A1E7A4F7556}") = "ManegmentSystems", "ManegmentSystems\ManegmentSystems.csproj", "{558764A6-BD61-487B-9CFF-8091AD272A92}"
EndProject
Global
	GlobalSection(SolutionConfigurationPlatforms) = preSolution
		Debug|Any CPU = Debug|Any CPU
		Release|Any CPU = Release|Any CPU
	EndGlobalSection
	GlobalSection(ProjectConfigurationPlatforms) = postSolution
		{558764A6-BD61-487B-9CFF-8091AD272A92}.Debug|Any CPU.ActiveCfg = Debug|Any CPU
		{558764A6-BD61-487B-9CFF-8091AD272A92}.Debug|Any CPU.Build.0 = Debug|Any CPU
		{558764A6-BD61-487B-9CFF-8091AD272A92}.Release|Any CPU.ActiveCfg = Release|Any CPU
		{558764A6-BD61-487B-9CFF-8091AD272A92}.Release|Any CPU.Build.0 = Release|Any CPU
	EndGlobalSection
	GlobalSection(SolutionProperties) = preSolution
		HideSolutionNode = FALSE
	EndGlobalSection
	GlobalSection(ExtensibilityGlobals) = postSolution
		SolutionGuid = {DAAD6DC3-ADBB-40C7-A867-9132118B9A13}
	EndGlobalSection
EndGlobal
